
Microsoft Visual Studio Solution File, Format Version 12.00
# Visual Studio 14
VisualStudioVersion = 14.0.23107.0
MinimumVisualStudioVersion = 10.0.40219.1
Project("{FAE04EC0-301F-11D3-BF4B-00C04F79EFBC}") = "io.vty.cswf", "io.vty.cswf\io.vty.cswf.csproj", "{074D7A3B-ADAE-434A-AF73-BB8263965303}"
EndProject
Project("{FAE04EC0-301F-11D3-BF4B-00C04F79EFBC}") = "io.vty.cswf.test", "io.vty.cswf.test\io.vty.cswf.test.csproj", "{40B3C84F-CA97-4995-8A45-E0449AA43D33}"
EndProject
Project("{FAE04EC0-301F-11D3-BF4B-00C04F79EFBC}") = "io.vty.cswf.test.console", "io.vty.cswf.test.console\io.vty.cswf.test.console.csproj", "{61F82F42-5161-4A0A-B67D-384DBCD01963}"
EndProject
Project("{2150E333-8FDC-42A3-9474-1A3956D46DE8}") = "Solution Items", "Solution Items", "{B5A7D89E-FB8F-4D9F-BC99-82F78A08CB49}"
	ProjectSection(SolutionItems) = preProject
		.gitignore = .gitignore
	EndProjectSection
EndProject
Project("{FAE04EC0-301F-11D3-BF4B-00C04F79EFBC}") = "io.vty.cswf.test.log", "io.vty.cswf.test.log\io.vty.cswf.test.log.csproj", "{4EA3F635-34EA-43D1-A4A9-8FE4CAC684FE}"
EndProject
Global
	GlobalSection(SolutionConfigurationPlatforms) = preSolution
		Debug|Any CPU = Debug|Any CPU
		Release|Any CPU = Release|Any CPU
	EndGlobalSection
	GlobalSection(ProjectConfigurationPlatforms) = postSolution
		{074D7A3B-ADAE-434A-AF73-BB8263965303}.Debug|Any CPU.ActiveCfg = Debug|Any CPU
		{074D7A3B-ADAE-434A-AF73-BB8263965303}.Debug|Any CPU.Build.0 = Debug|Any CPU
		{074D7A3B-ADAE-434A-AF73-BB8263965303}.Release|Any CPU.ActiveCfg = Release|Any CPU
		{074D7A3B-ADAE-434A-AF73-BB8263965303}.Release|Any CPU.Build.0 = Release|Any CPU
		{40B3C84F-CA97-4995-8A45-E0449AA43D33}.Debug|Any CPU.ActiveCfg = Debug|Any CPU
		{40B3C84F-CA97-4995-8A45-E0449AA43D33}.Debug|Any CPU.Build.0 = Debug|Any CPU
		{40B3C84F-CA97-4995-8A45-E0449AA43D33}.Release|Any CPU.ActiveCfg = Release|Any CPU
		{40B3C84F-CA97-4995-8A45-E0449AA43D33}.Release|Any CPU.Build.0 = Release|Any CPU
		{61F82F42-5161-4A0A-B67D-384DBCD01963}.Debug|Any CPU.ActiveCfg = Debug|Any CPU
		{61F82F42-5161-4A0A-B67D-384DBCD01963}.Debug|Any CPU.Build.0 = Debug|Any CPU
		{61F82F42-5161-4A0A-B67D-384DBCD01963}.Release|Any CPU.ActiveCfg = Release|Any CPU
		{61F82F42-5161-4A0A-B67D-384DBCD01963}.Release|Any CPU.Build.0 = Release|Any CPU
		{4EA3F635-34EA-43D1-A4A9-8FE4CAC684FE}.Debug|Any CPU.ActiveCfg = Debug|Any CPU
		{4EA3F635-34EA-43D1-A4A9-8FE4CAC684FE}.Debug|Any CPU.Build.0 = Debug|Any CPU
		{4EA3F635-34EA-43D1-A4A9-8FE4CAC684FE}.Release|Any CPU.ActiveCfg = Release|Any CPU
		{4EA3F635-34EA-43D1-A4A9-8FE4CAC684FE}.Release|Any CPU.Build.0 = Release|Any CPU
	EndGlobalSection
	GlobalSection(SolutionProperties) = preSolution
		HideSolutionNode = FALSE
	EndGlobalSection
EndGlobal
